
Microsoft Visual Studio Solution File, Format Version 11.00
# Visual Studio 2010
Project("{8BC9CEB8-8B4A-11D0-8D11-00A0C91BC942}") = "hw1", "hw1\hw1.vcxproj", "{A41009D4-53E8-410D-9840-789E932F730D}"
EndProject
Project("{8BC9CEB8-8B4A-11D0-8D11-00A0C91BC942}") = "hw2", "hw2\hw2.vcxproj", "{C6D6E0EB-3204-4E37-8669-BCA1F4C60287}"
EndProject
Project("{8BC9CEB8-8B4A-11D0-8D11-00A0C91BC942}") = "hw3", "hw3\hw3.vcxproj", "{246B3EF2-94C4-42D6-BA2C-F1AF91AB212E}"
EndProject
Project("{8BC9CEB8-8B4A-11D0-8D11-00A0C91BC942}") = "hw4", "hw4\hw4.vcxproj", "{223FD88A-C6D4-483D-B0B8-2FF8C6CB66B4}"
EndProject
Project("{8BC9CEB8-8B4A-11D0-8D11-00A0C91BC942}") = "hw5", "hw5\hw5.vcxproj", "{C56638C6-2BCD-4AF1-B35C-C5AC17C61D33}"
EndProject
Global
	GlobalSection(SolutionConfigurationPlatforms) = preSolution
		Debug|Win32 = Debug|Win32
		Release|Win32 = Release|Win32
	EndGlobalSection
	GlobalSection(ProjectConfigurationPlatforms) = postSolution
		{A41009D4-53E8-410D-9840-789E932F730D}.Debug|Win32.ActiveCfg = Debug|Win32
		{A41009D4-53E8-410D-9840-789E932F730D}.Debug|Win32.Build.0 = Debug|Win32
		{A41009D4-53E8-410D-9840-789E932F730D}.Release|Win32.ActiveCfg = Release|Win32
		{A41009D4-53E8-410D-9840-789E932F730D}.Release|Win32.Build.0 = Release|Win32
		{C6D6E0EB-3204-4E37-8669-BCA1F4C60287}.Debug|Win32.ActiveCfg = Debug|Win32
		{C6D6E0EB-3204-4E37-8669-BCA1F4C60287}.Debug|Win32.Build.0 = Debug|Win32
		{C6D6E0EB-3204-4E37-8669-BCA1F4C60287}.Release|Win32.ActiveCfg = Release|Win32
		{C6D6E0EB-3204-4E37-8669-BCA1F4C60287}.Release|Win32.Build.0 = Release|Win32
		{246B3EF2-94C4-42D6-BA2C-F1AF91AB212E}.Debug|Win32.ActiveCfg = Debug|Win32
		{246B3EF2-94C4-42D6-BA2C-F1AF91AB212E}.Debug|Win32.Build.0 = Debug|Win32
		{246B3EF2-94C4-42D6-BA2C-F1AF91AB212E}.Release|Win32.ActiveCfg = Release|Win32
		{246B3EF2-94C4-42D6-BA2C-F1AF91AB212E}.Release|Win32.Build.0 = Release|Win32
		{223FD88A-C6D4-483D-B0B8-2FF8C6CB66B4}.Debug|Win32.ActiveCfg = Debug|Win32
		{223FD88A-C6D4-483D-B0B8-2FF8C6CB66B4}.Debug|Win32.Build.0 = Debug|Win32
		{223FD88A-C6D4-483D-B0B8-2FF8C6CB66B4}.Release|Win32.ActiveCfg = Release|Win32
		{223FD88A-C6D4-483D-B0B8-2FF8C6CB66B4}.Release|Win32.Build.0 = Release|Win32
		{C56638C6-2BCD-4AF1-B35C-C5AC17C61D33}.Debug|Win32.ActiveCfg = Debug|Win32
		{C56638C6-2BCD-4AF1-B35C-C5AC17C61D33}.Debug|Win32.Build.0 = Debug|Win32
		{C56638C6-2BCD-4AF1-B35C-C5AC17C61D33}.Release|Win32.ActiveCfg = Release|Win32
		{C56638C6-2BCD-4AF1-B35C-C5AC17C61D33}.Release|Win32.Build.0 = Release|Win32
	EndGlobalSection
	GlobalSection(SolutionProperties) = preSolution
		HideSolutionNode = FALSE
	EndGlobalSection
EndGlobal
